
Microsoft Visual Studio Solution File, Format Version 12.00
# Visual Studio Version 17
VisualStudioVersion = 17.10.35013.160
MinimumVisualStudioVersion = 10.0.40219.1
Project("{FAE04EC0-301F-11D3-BF4B-00C04F79EFBC}") = "HelloApp", "HelloApp\HelloApp.csproj", "{0120C0F1-CD16-4F92-A82C-A881234F5E72}"
EndProject
Project("{FAE04EC0-301F-11D3-BF4B-00C04F79EFBC}") = "ClassLibraryForArray", "MyLib\ClassLibraryForArray.csproj", "{CA09F2CE-6789-42D7-A6D1-60C6E0E08BD5}"
EndProject
Project("{FAE04EC0-301F-11D3-BF4B-00C04F79EFBC}") = "WindowsFormsApp1", "WindowsFormsApp1\WindowsFormsApp1.csproj", "{45F3D61D-AD30-4951-8093-276CDE82A1DB}"
EndProject
Global
	GlobalSection(SolutionConfigurationPlatforms) = preSolution
		Debug|Any CPU = Debug|Any CPU
		Release|Any CPU = Release|Any CPU
	EndGlobalSection
	GlobalSection(ProjectConfigurationPlatforms) = postSolution
		{0120C0F1-CD16-4F92-A82C-A881234F5E72}.Debug|Any CPU.ActiveCfg = Debug|Any CPU
		{0120C0F1-CD16-4F92-A82C-A881234F5E72}.Debug|Any CPU.Build.0 = Debug|Any CPU
		{0120C0F1-CD16-4F92-A82C-A881234F5E72}.Release|Any CPU.ActiveCfg = Release|Any CPU
		{0120C0F1-CD16-4F92-A82C-A881234F5E72}.Release|Any CPU.Build.0 = Release|Any CPU
		{CA09F2CE-6789-42D7-A6D1-60C6E0E08BD5}.Debug|Any CPU.ActiveCfg = Debug|Any CPU
		{CA09F2CE-6789-42D7-A6D1-60C6E0E08BD5}.Debug|Any CPU.Build.0 = Debug|Any CPU
		{CA09F2CE-6789-42D7-A6D1-60C6E0E08BD5}.Release|Any CPU.ActiveCfg = Release|Any CPU
		{CA09F2CE-6789-42D7-A6D1-60C6E0E08BD5}.Release|Any CPU.Build.0 = Release|Any CPU
		{45F3D61D-AD30-4951-8093-276CDE82A1DB}.Debug|Any CPU.ActiveCfg = Debug|Any CPU
		{45F3D61D-AD30-4951-8093-276CDE82A1DB}.Debug|Any CPU.Build.0 = Debug|Any CPU
		{45F3D61D-AD30-4951-8093-276CDE82A1DB}.Release|Any CPU.ActiveCfg = Release|Any CPU
		{45F3D61D-AD30-4951-8093-276CDE82A1DB}.Release|Any CPU.Build.0 = Release|Any CPU
	EndGlobalSection
	GlobalSection(SolutionProperties) = preSolution
		HideSolutionNode = FALSE
	EndGlobalSection
	GlobalSection(ExtensibilityGlobals) = postSolution
		SolutionGuid = {FA33B387-5E30-4AA2-A55A-51037E811165}
	EndGlobalSection
EndGlobal
